
Microsoft Visual Studio Solution File, Format Version 12.00
# Visual Studio Version 17
VisualStudioVersion = 17.4.33403.182
MinimumVisualStudioVersion = 10.0.40219.1
Project("{FAE04EC0-301F-11D3-BF4B-00C04F79EFBC}") = "Notepad Z", "Notepad Z.csproj", "{9DA0783A-D113-4B24-8FBE-9F9CAF6E3503}"
EndProject
Global
	GlobalSection(SolutionConfigurationPlatforms) = preSolution
		Debug|Any CPU = Debug|Any CPU
		Release|Any CPU = Release|Any CPU
	EndGlobalSection
	GlobalSection(ProjectConfigurationPlatforms) = postSolution
		{9DA0783A-D113-4B24-8FBE-9F9CAF6E3503}.Debug|Any CPU.ActiveCfg = Debug|Any CPU
		{9DA0783A-D113-4B24-8FBE-9F9CAF6E3503}.Debug|Any CPU.Build.0 = Debug|Any CPU
		{9DA0783A-D113-4B24-8FBE-9F9CAF6E3503}.Release|Any CPU.ActiveCfg = Release|Any CPU
		{9DA0783A-D113-4B24-8FBE-9F9CAF6E3503}.Release|Any CPU.Build.0 = Release|Any CPU
	EndGlobalSection
	GlobalSection(SolutionProperties) = preSolution
		HideSolutionNode = FALSE
	EndGlobalSection
	GlobalSection(ExtensibilityGlobals) = postSolution
		SolutionGuid = {30541051-2834-47D7-ADEF-A950D3EEB133}
	EndGlobalSection
EndGlobal
